// !$*UTF8*$!
{
	archiveVersion = 1;
	classes = {
	};
	objectVersion = 56;
	objects = {

/* Begin PBXBuildFile section */
		3C22B6C12A9F621C00BA19E0 /* Models.swift in Sources */ = {isa = PBXBuildFile; fileRef = 3C22B6C02A9F621C00BA19E0 /* Models.swift */; };
		3C22B6C42A9F7B2D00BA19E0 /* FavoritesJokes.xcdatamodeld in Sources */ = {isa = PBXBuildFile; fileRef = 3C22B6C22A9F7B2C00BA19E0 /* FavoritesJokes.xcdatamodeld */; };
		3C22B6C62A9F7CEA00BA19E0 /* DataManager.swift in Sources */ = {isa = PBXBuildFile; fileRef = 3C22B6C52A9F7CEA00BA19E0 /* DataManager.swift */; };
		3CAF5CF32A9E6DD100D56FC3 /* RemoteDataApp.swift in Sources */ = {isa = PBXBuildFile; fileRef = 3CAF5CF22A9E6DD100D56FC3 /* RemoteDataApp.swift */; };
		3CAF5CF52A9E6DD100D56FC3 /* ContentView.swift in Sources */ = {isa = PBXBuildFile; fileRef = 3CAF5CF42A9E6DD100D56FC3 /* ContentView.swift */; };
		3CAF5CF72A9E6DDA00D56FC3 /* Assets.xcassets in Resources */ = {isa = PBXBuildFile; fileRef = 3CAF5CF62A9E6DDA00D56FC3 /* Assets.xcassets */; };
		3CAF5CFA2A9E6DDA00D56FC3 /* Preview Assets.xcassets in Resources */ = {isa = PBXBuildFile; fileRef = 3CAF5CF92A9E6DDA00D56FC3 /* Preview Assets.xcassets */; };
		3CAF5D012A9E6F0300D56FC3 /* Network.swift in Sources */ = {isa = PBXBuildFile; fileRef = 3CAF5D002A9E6F0300D56FC3 /* Network.swift */; };
		3CAF5D052A9F544700D56FC3 /* JokeRow.swift in Sources */ = {isa = PBXBuildFile; fileRef = 3CAF5D042A9F544700D56FC3 /* JokeRow.swift */; };
/* End PBXBuildFile section */

/* Begin PBXFileReference section */
		3C22B6C02A9F621C00BA19E0 /* Models.swift */ = {isa = PBXFileReference; lastKnownFileType = sourcecode.swift; path = Models.swift; sourceTree = "<group>"; };
		3C22B6C32A9F7B2D00BA19E0 /* FavoritesJokes.xcdatamodel */ = {isa = PBXFileReference; lastKnownFileType = wrapper.xcdatamodel; path = FavoritesJokes.xcdatamodel; sourceTree = "<group>"; };
		3C22B6C52A9F7CEA00BA19E0 /* DataManager.swift */ = {isa = PBXFileReference; lastKnownFileType = sourcecode.swift; path = DataManager.swift; sourceTree = "<group>"; };
		3CAF5CEF2A9E6DD100D56FC3 /* RemoteData.app */ = {isa = PBXFileReference; explicitFileType = wrapper.application; includeInIndex = 0; path = RemoteData.app; sourceTree = BUILT_PRODUCTS_DIR; };
		3CAF5CF22A9E6DD100D56FC3 /* RemoteDataApp.swift */ = {isa = PBXFileReference; lastKnownFileType = sourcecode.swift; path = RemoteDataApp.swift; sourceTree = "<group>"; };
		3CAF5CF42A9E6DD100D56FC3 /* ContentView.swift */ = {isa = PBXFileReference; lastKnownFileType = sourcecode.swift; path = ContentView.swift; sourceTree = "<group>"; };
		3CAF5CF62A9E6DDA00D56FC3 /* Assets.xcassets */ = {isa = PBXFileReference; lastKnownFileType = folder.assetcatalog; path = Assets.xcassets; sourceTree = "<group>"; };
		3CAF5CF92A9E6DDA00D56FC3 /* Preview Assets.xcassets */ = {isa = PBXFileReference; lastKnownFileType = folder.assetcatalog; path = "Preview Assets.xcassets"; sourceTree = "<group>"; };
		3CAF5D002A9E6F0300D56FC3 /* Network.swift */ = {isa = PBXFileReference; lastKnownFileType = sourcecode.swift; path = Network.swift; sourceTree = "<group>"; };
		3CAF5D042A9F544700D56FC3 /* JokeRow.swift */ = {isa = PBXFileReference; lastKnownFileType = sourcecode.swift; path = JokeRow.swift; sourceTree = "<group>"; };
/* End PBXFileReference section */

/* Begin PBXFrameworksBuildPhase section */
		3CAF5CEC2A9E6DD000D56FC3 /* Frameworks */ = {
			isa = PBXFrameworksBuildPhase;
			buildActionMask = 2147483647;
			files = (
			);
			runOnlyForDeploymentPostprocessing = 0;
		};
/* End PBXFrameworksBuildPhase section */

/* Begin PBXGroup section */
		3C22B6C92A9F8D0700BA19E0 /* Views */ = {
			isa = PBXGroup;
			children = (
				3CAF5CF42A9E6DD100D56FC3 /* ContentView.swift */,
				3CAF5D042A9F544700D56FC3 /* JokeRow.swift */,
			);
			path = Views;
			sourceTree = "<group>";
		};
		3C22B6CA2A9F91E300BA19E0 /* Services */ = {
			isa = PBXGroup;
			children = (
				3CAF5D002A9E6F0300D56FC3 /* Network.swift */,
				3C22B6C02A9F621C00BA19E0 /* Models.swift */,
				3C22B6C52A9F7CEA00BA19E0 /* DataManager.swift */,
				3C22B6C22A9F7B2C00BA19E0 /* FavoritesJokes.xcdatamodeld */,
			);
			path = Services;
			sourceTree = "<group>";
		};
		3CAF5CE62A9E6DD000D56FC3 = {
			isa = PBXGroup;
			children = (
				3CAF5CF12A9E6DD100D56FC3 /* RemoteData */,
				3CAF5CF02A9E6DD100D56FC3 /* Products */,
			);
			sourceTree = "<group>";
		};
		3CAF5CF02A9E6DD100D56FC3 /* Products */ = {
			isa = PBXGroup;
			children = (
				3CAF5CEF2A9E6DD100D56FC3 /* RemoteData.app */,
			);
			name = Products;
			sourceTree = "<group>";
		};
		3CAF5CF12A9E6DD100D56FC3 /* RemoteData */ = {
			isa = PBXGroup;
			children = (
				3CAF5CF22A9E6DD100D56FC3 /* RemoteDataApp.swift */,
				3C22B6C92A9F8D0700BA19E0 /* Views */,
				3C22B6CA2A9F91E300BA19E0 /* Services */,
				3CAF5CF62A9E6DDA00D56FC3 /* Assets.xcassets */,
				3CAF5CF82A9E6DDA00D56FC3 /* Preview Content */,
			);
			path = RemoteData;
			sourceTree = "<group>";
		};
		3CAF5CF82A9E6DDA00D56FC3 /* Preview Content */ = {
			isa = PBXGroup;
			children = (
				3CAF5CF92A9E6DDA00D56FC3 /* Preview Assets.xcassets */,
			);
			path = "Preview Content";
			sourceTree = "<group>";
		};
/* End PBXGroup section */

/* Begin PBXNativeTarget section */
		3CAF5CEE2A9E6DD000D56FC3 /* RemoteData */ = {
			isa = PBXNativeTarget;
			buildConfigurationList = 3CAF5CFD2A9E6DDA00D56FC3 /* Build configuration list for PBXNativeTarget "RemoteData" */;
			buildPhases = (
				3CAF5CEB2A9E6DD000D56FC3 /* Sources */,
				3CAF5CEC2A9E6DD000D56FC3 /* Frameworks */,
				3CAF5CED2A9E6DD000D56FC3 /* Resources */,
			);
			buildRules = (
			);
			dependencies = (
			);
			name = RemoteData;
			productName = RemoteData;
			productReference = 3CAF5CEF2A9E6DD100D56FC3 /* RemoteData.app */;
			productType = "com.apple.product-type.application";
		};
/* End PBXNativeTarget section */

/* Begin PBXProject section */
		3CAF5CE72A9E6DD000D56FC3 /* Project object */ = {
			isa = PBXProject;
			attributes = {
				BuildIndependentTargetsInParallel = 1;
				LastSwiftUpdateCheck = 1500;
				LastUpgradeCheck = 1500;
				TargetAttributes = {
					3CAF5CEE2A9E6DD000D56FC3 = {
						CreatedOnToolsVersion = 15.0;
					};
				};
			};
			buildConfigurationList = 3CAF5CEA2A9E6DD000D56FC3 /* Build configuration list for PBXProject "RemoteData" */;
			compatibilityVersion = "Xcode 14.0";
			developmentRegion = en;
			hasScannedForEncodings = 0;
			knownRegions = (
				en,
				Base,
			);
			mainGroup = 3CAF5CE62A9E6DD000D56FC3;
			productRefGroup = 3CAF5CF02A9E6DD100D56FC3 /* Products */;
			projectDirPath = "";
			projectRoot = "";
			targets = (
				3CAF5CEE2A9E6DD000D56FC3 /* RemoteData */,
			);
		};
/* End PBXProject section */

/* Begin PBXResourcesBuildPhase section */
		3CAF5CED2A9E6DD000D56FC3 /* Resources */ = {
			isa = PBXResourcesBuildPhase;
			buildActionMask = 2147483647;
			files = (
				3CAF5CFA2A9E6DDA00D56FC3 /* Preview Assets.xcassets in Resources */,
				3CAF5CF72A9E6DDA00D56FC3 /* Assets.xcassets in Resources */,
			);
			runOnlyForDeploymentPostprocessing = 0;
		};
/* End PBXResourcesBuildPhase section */

/* Begin PBXSourcesBuildPhase section */
		3CAF5CEB2A9E6DD000D56FC3 /* Sources */ = {
			isa = PBXSourcesBuildPhase;
			buildActionMask = 2147483647;
			files = (
				3CAF5CF52A9E6DD100D56FC3 /* ContentView.swift in Sources */,
				3C22B6C62A9F7CEA00BA19E0 /* DataManager.swift in Sources */,
				3CAF5D052A9F544700D56FC3 /* JokeRow.swift in Sources */,
				3CAF5CF32A9E6DD100D56FC3 /* RemoteDataApp.swift in Sources */,
				3CAF5D012A9E6F0300D56FC3 /* Network.swift in Sources */,
				3C22B6C42A9F7B2D00BA19E0 /* FavoritesJokes.xcdatamodeld in Sources */,
				3C22B6C12A9F621C00BA19E0 /* Models.swift in Sources */,
			);
			runOnlyForDeploymentPostprocessing = 0;
		};
/* End PBXSourcesBuildPhase section */

/* Begin XCBuildConfiguration section */
		3CAF5CFB2A9E6DDA00D56FC3 /* Debug */ = {
			isa = XCBuildConfiguration;
			buildSettings = {
				ALWAYS_SEARCH_USER_PATHS = NO;
				ASSETCATALOG_COMPILER_GENERATE_SWIFT_ASSET_SYMBOL_EXTENSIONS = YES;
				CLANG_ANALYZER_NONNULL = YES;
				CLANG_ANALYZER_NUMBER_OBJECT_CONVERSION = YES_AGGRESSIVE;
				CLANG_CXX_LANGUAGE_STANDARD = "gnu++20";
				CLANG_ENABLE_MODULES = YES;
				CLANG_ENABLE_OBJC_ARC = YES;
				CLANG_ENABLE_OBJC_WEAK = YES;
				CLANG_WARN_BLOCK_CAPTURE_AUTORELEASING = YES;
				CLANG_WARN_BOOL_CONVERSION = YES;
				CLANG_WARN_COMMA = YES;
				CLANG_WARN_CONSTANT_CONVERSION = YES;
				CLANG_WARN_DEPRECATED_OBJC_IMPLEMENTATIONS = YES;
				CLANG_WARN_DIRECT_OBJC_ISA_USAGE = YES_ERROR;
				CLANG_WARN_DOCUMENTATION_COMMENTS = YES;
				CLANG_WARN_EMPTY_BODY = YES;
				CLANG_WARN_ENUM_CONVERSION = YES;
				CLANG_WARN_INFINITE_RECURSION = YES;
				CLANG_WARN_INT_CONVERSION = YES;
				CLANG_WARN_NON_LITERAL_NULL_CONVERSION = YES;
				CLANG_WARN_OBJC_IMPLICIT_RETAIN_SELF = YES;
				CLANG_WARN_OBJC_LITERAL_CONVERSION = YES;
				CLANG_WARN_OBJC_ROOT_CLASS = YES_ERROR;
				CLANG_WARN_QUOTED_INCLUDE_IN_FRAMEWORK_HEADER = YES;
				CLANG_WARN_RANGE_LOOP_ANALYSIS = YES;
				CLANG_WARN_STRICT_PROTOTYPES = YES;
				CLANG_WARN_SUSPICIOUS_MOVE = YES;
				CLANG_WARN_UNGUARDED_AVAILABILITY = YES_AGGRESSIVE;
				CLANG_WARN_UNREACHABLE_CODE = YES;
				CLANG_WARN__DUPLICATE_METHOD_MATCH = YES;
				COPY_PHASE_STRIP = NO;
				DEBUG_INFORMATION_FORMAT = dwarf;
				ENABLE_STRICT_OBJC_MSGSEND = YES;
				ENABLE_TESTABILITY = YES;
				ENABLE_USER_SCRIPT_SANDBOXING = YES;
				GCC_C_LANGUAGE_STANDARD = gnu17;
				GCC_DYNAMIC_NO_PIC = NO;
				GCC_NO_COMMON_BLOCKS = YES;
				GCC_OPTIMIZATION_LEVEL = 0;
				GCC_PREPROCESSOR_DEFINITIONS = (
					"DEBUG=1",
					"$(inherited)",
				);
				GCC_WARN_64_TO_32_BIT_CONVERSION = YES;
				GCC_WARN_ABOUT_RETURN_TYPE = YES_ERROR;
				GCC_WARN_UNDECLARED_SELECTOR = YES;
				GCC_WARN_UNINITIALIZED_AUTOS = YES_AGGRESSIVE;
				GCC_WARN_UNUSED_FUNCTION = YES;
				GCC_WARN_UNUSED_VARIABLE = YES;
				IPHONEOS_DEPLOYMENT_TARGET = 17.0;
				LOCALIZATION_PREFERS_STRING_CATALOGS = YES;
				MTL_ENABLE_DEBUG_INFO = INCLUDE_SOURCE;
				MTL_FAST_MATH = YES;
				ONLY_ACTIVE_ARCH = YES;
				SDKROOT = iphoneos;
				SWIFT_ACTIVE_COMPILATION_CONDITIONS = "DEBUG $(inherited)";
				SWIFT_OPTIMIZATION_LEVEL = "-Onone";
			};
			name = Debug;
		};
		3CAF5CFC2A9E6DDA00D56FC3 /* Release */ = {
			isa = XCBuildConfiguration;
			buildSettings = {
				ALWAYS_SEARCH_USER_PATHS = NO;
				ASSETCATALOG_COMPILER_GENERATE_SWIFT_ASSET_SYMBOL_EXTENSIONS = YES;
				CLANG_ANALYZER_NONNULL = YES;
				CLANG_ANALYZER_NUMBER_OBJECT_CONVERSION = YES_AGGRESSIVE;
				CLANG_CXX_LANGUAGE_STANDARD = "gnu++20";
				CLANG_ENABLE_MODULES = YES;
				CLANG_ENABLE_OBJC_ARC = YES;
				CLANG_ENABLE_OBJC_WEAK = YES;
				CLANG_WARN_BLOCK_CAPTURE_AUTORELEASING = YES;
				CLANG_WARN_BOOL_CONVERSION = YES;
				CLANG_WARN_COMMA = YES;
				CLANG_WARN_CONSTANT_CONVERSION = YES;
				CLANG_WARN_DEPRECATED_OBJC_IMPLEMENTATIONS = YES;
				CLANG_WARN_DIRECT_OBJC_ISA_USAGE = YES_ERROR;
				CLANG_WARN_DOCUMENTATION_COMMENTS = YES;
				CLANG_WARN_EMPTY_BODY = YES;
				CLANG_WARN_ENUM_CONVERSION = YES;
				CLANG_WARN_INFINITE_RECURSION = YES;
				CLANG_WARN_INT_CONVERSION = YES;
				CLANG_WARN_NON_LITERAL_NULL_CONVERSION = YES;
				CLANG_WARN_OBJC_IMPLICIT_RETAIN_SELF = YES;
				CLANG_WARN_OBJC_LITERAL_CONVERSION = YES;
				CLANG_WARN_OBJC_ROOT_CLASS = YES_ERROR;
				CLANG_WARN_QUOTED_INCLUDE_IN_FRAMEWORK_HEADER = YES;
				CLANG_WARN_RANGE_LOOP_ANALYSIS = YES;
				CLANG_WARN_STRICT_PROTOTYPES = YES;
				CLANG_WARN_SUSPICIOUS_MOVE = YES;
				CLANG_WARN_UNGUARDED_AVAILABILITY = YES_AGGRESSIVE;
				CLANG_WARN_UNREACHABLE_CODE = YES;
				CLANG_WARN__DUPLICATE_METHOD_MATCH = YES;
				COPY_PHASE_STRIP = NO;
				DEBUG_INFORMATION_FORMAT = "dwarf-with-dsym";
				ENABLE_NS_ASSERTIONS = NO;
				ENABLE_STRICT_OBJC_MSGSEND = YES;
				ENABLE_USER_SCRIPT_SANDBOXING = YES;
				GCC_C_LANGUAGE_STANDARD = gnu17;
				GCC_NO_COMMON_BLOCKS = YES;
				GCC_WARN_64_TO_32_BIT_CONVERSION = YES;
				GCC_WARN_ABOUT_RETURN_TYPE = YES_ERROR;
				GCC_WARN_UNDECLARED_SELECTOR = YES;
				GCC_WARN_UNINITIALIZED_AUTOS = YES_AGGRESSIVE;
				GCC_WARN_UNUSED_FUNCTION = YES;
				GCC_WARN_UNUSED_VARIABLE = YES;
				IPHONEOS_DEPLOYMENT_TARGET = 17.0;
				LOCALIZATION_PREFERS_STRING_CATALOGS = YES;
				MTL_ENABLE_DEBUG_INFO = NO;
				MTL_FAST_MATH = YES;
				SDKROOT = iphoneos;
				SWIFT_COMPILATION_MODE = wholemodule;
				VALIDATE_PRODUCT = YES;
			};
			name = Release;
		};
		3CAF5CFE2A9E6DDA00D56FC3 /* Debug */ = {
			isa = XCBuildConfiguration;
			buildSettings = {
				ASSETCATALOG_COMPILER_APPICON_NAME = AppIcon;
				ASSETCATALOG_COMPILER_GLOBAL_ACCENT_COLOR_NAME = AccentColor;
				CODE_SIGN_STYLE = Automatic;
				CURRENT_PROJECT_VERSION = 1;
				DEVELOPMENT_ASSET_PATHS = "\"RemoteData/Preview Content\"";
				DEVELOPMENT_TEAM = JLC9YVG32L;
				ENABLE_PREVIEWS = YES;
				GENERATE_INFOPLIST_FILE = YES;
				INFOPLIST_KEY_UIApplicationSceneManifest_Generation = YES;
				INFOPLIST_KEY_UIApplicationSupportsIndirectInputEvents = YES;
				INFOPLIST_KEY_UILaunchScreen_Generation = YES;
				INFOPLIST_KEY_UISupportedInterfaceOrientations = UIInterfaceOrientationPortrait;
				INFOPLIST_KEY_UISupportedInterfaceOrientations_iPad = "UIInterfaceOrientationPortrait UIInterfaceOrientationPortraitUpsideDown";
				IPHONEOS_DEPLOYMENT_TARGET = 15.0;
				LD_RUNPATH_SEARCH_PATHS = (
					"$(inherited)",
					"@executable_path/Frameworks",
				);
				MARKETING_VERSION = 1.0;
				PRODUCT_BUNDLE_IDENTIFIER = com.andrewhudik.RemoteData;
				PRODUCT_NAME = "$(TARGET_NAME)";
				SWIFT_EMIT_LOC_STRINGS = YES;
				SWIFT_VERSION = 5.0;
				TARGETED_DEVICE_FAMILY = "1,2";
			};
			name = Debug;
		};
		3CAF5CFF2A9E6DDA00D56FC3 /* Release */ = {
			isa = XCBuildConfiguration;
			buildSettings = {
				ASSETCATALOG_COMPILER_APPICON_NAME = AppIcon;
				ASSETCATALOG_COMPILER_GLOBAL_ACCENT_COLOR_NAME = AccentColor;
				CODE_SIGN_STYLE = Automatic;
				CURRENT_PROJECT_VERSION = 1;
				DEVELOPMENT_ASSET_PATHS = "\"RemoteData/Preview Content\"";
				DEVELOPMENT_TEAM = JLC9YVG32L;
				ENABLE_PREVIEWS = YES;
				GENERATE_INFOPLIST_FILE = YES;
				INFOPLIST_KEY_UIApplicationSceneManifest_Generation = YES;
				INFOPLIST_KEY_UIApplicationSupportsIndirectInputEvents = YES;
				INFOPLIST_KEY_UILaunchScreen_Generation = YES;
				INFOPLIST_KEY_UISupportedInterfaceOrientations = UIInterfaceOrientationPortrait;
				INFOPLIST_KEY_UISupportedInterfaceOrientations_iPad = "UIInterfaceOrientationPortrait UIInterfaceOrientationPortraitUpsideDown";
				IPHONEOS_DEPLOYMENT_TARGET = 15.0;
				LD_RUNPATH_SEARCH_PATHS = (
					"$(inherited)",
					"@executable_path/Frameworks",
				);
				MARKETING_VERSION = 1.0;
				PRODUCT_BUNDLE_IDENTIFIER = com.andrewhudik.RemoteData;
				PRODUCT_NAME = "$(TARGET_NAME)";
				SWIFT_EMIT_LOC_STRINGS = YES;
				SWIFT_VERSION = 5.0;
				TARGETED_DEVICE_FAMILY = "1,2";
			};
			name = Release;
		};
/* End XCBuildConfiguration section */

/* Begin XCConfigurationList section */
		3CAF5CEA2A9E6DD000D56FC3 /* Build configuration list for PBXProject "RemoteData" */ = {
			isa = XCConfigurationList;
			buildConfigurations = (
				3CAF5CFB2A9E6DDA00D56FC3 /* Debug */,
				3CAF5CFC2A9E6DDA00D56FC3 /* Release */,
			);
			defaultConfigurationIsVisible = 0;
			defaultConfigurationName = Release;
		};
		3CAF5CFD2A9E6DDA00D56FC3 /* Build configuration list for PBXNativeTarget "RemoteData" */ = {
			isa = XCConfigurationList;
			buildConfigurations = (
				3CAF5CFE2A9E6DDA00D56FC3 /* Debug */,
				3CAF5CFF2A9E6DDA00D56FC3 /* Release */,
			);
			defaultConfigurationIsVisible = 0;
			defaultConfigurationName = Release;
		};
/* End XCConfigurationList section */

/* Begin XCVersionGroup section */
		3C22B6C22A9F7B2C00BA19E0 /* FavoritesJokes.xcdatamodeld */ = {
			isa = XCVersionGroup;
			children = (
				3C22B6C32A9F7B2D00BA19E0 /* FavoritesJokes.xcdatamodel */,
			);
			currentVersion = 3C22B6C32A9F7B2D00BA19E0 /* FavoritesJokes.xcdatamodel */;
			path = FavoritesJokes.xcdatamodeld;
			sourceTree = "<group>";
			versionGroupType = wrapper.xcdatamodel;
		};
/* End XCVersionGroup section */
	};
	rootObject = 3CAF5CE72A9E6DD000D56FC3 /* Project object */;
}
